
Microsoft Visual Studio Solution File, Format Version 12.00
# Visual Studio 14
VisualStudioVersion = 14.0.25420.1
MinimumVisualStudioVersion = 10.0.40219.1
Project("{2150E333-8FDC-42A3-9474-1A3956D46DE8}") = "src", "src", "{B291FD47-2EB7-4431-9B7D-1DEA7574DF9E}"
EndProject
Project("{2150E333-8FDC-42A3-9474-1A3956D46DE8}") = "Solution Items", "Solution Items", "{260BCB5C-277E-4FDA-97FB-024774F32357}"
	ProjectSection(SolutionItems) = preProject
		global.json = global.json
	EndProjectSection
EndProject
Project("{8BB2217D-0F2D-49D1-97BC-3654ED321F3B}") = "MyvarVM", "src\MyvarVM\MyvarVM.xproj", "{1B909F69-C4AA-4D32-A02B-C8D5EB517566}"
EndProject
Project("{8BB2217D-0F2D-49D1-97BC-3654ED321F3B}") = "MyvarVM.Core", "src\MyvarVM.Core\MyvarVM.Core.xproj", "{DB85B77D-306D-4C44-8E9A-395BA728E1B5}"
EndProject
Project("{8BB2217D-0F2D-49D1-97BC-3654ED321F3B}") = "Tests", "src\Tests\Tests.xproj", "{A36245A0-69AC-4B8B-B303-05D2DC34FB8C}"
EndProject
Global
	GlobalSection(SolutionConfigurationPlatforms) = preSolution
		Debug|Any CPU = Debug|Any CPU
		Release|Any CPU = Release|Any CPU
	EndGlobalSection
	GlobalSection(ProjectConfigurationPlatforms) = postSolution
		{1B909F69-C4AA-4D32-A02B-C8D5EB517566}.Debug|Any CPU.ActiveCfg = Debug|Any CPU
		{1B909F69-C4AA-4D32-A02B-C8D5EB517566}.Debug|Any CPU.Build.0 = Debug|Any CPU
		{1B909F69-C4AA-4D32-A02B-C8D5EB517566}.Release|Any CPU.ActiveCfg = Release|Any CPU
		{1B909F69-C4AA-4D32-A02B-C8D5EB517566}.Release|Any CPU.Build.0 = Release|Any CPU
		{DB85B77D-306D-4C44-8E9A-395BA728E1B5}.Debug|Any CPU.ActiveCfg = Debug|Any CPU
		{DB85B77D-306D-4C44-8E9A-395BA728E1B5}.Debug|Any CPU.Build.0 = Debug|Any CPU
		{DB85B77D-306D-4C44-8E9A-395BA728E1B5}.Release|Any CPU.ActiveCfg = Release|Any CPU
		{DB85B77D-306D-4C44-8E9A-395BA728E1B5}.Release|Any CPU.Build.0 = Release|Any CPU
		{A36245A0-69AC-4B8B-B303-05D2DC34FB8C}.Debug|Any CPU.ActiveCfg = Debug|Any CPU
		{A36245A0-69AC-4B8B-B303-05D2DC34FB8C}.Debug|Any CPU.Build.0 = Debug|Any CPU
		{A36245A0-69AC-4B8B-B303-05D2DC34FB8C}.Release|Any CPU.ActiveCfg = Release|Any CPU
		{A36245A0-69AC-4B8B-B303-05D2DC34FB8C}.Release|Any CPU.Build.0 = Release|Any CPU
	EndGlobalSection
	GlobalSection(SolutionProperties) = preSolution
		HideSolutionNode = FALSE
	EndGlobalSection
	GlobalSection(NestedProjects) = preSolution
		{1B909F69-C4AA-4D32-A02B-C8D5EB517566} = {B291FD47-2EB7-4431-9B7D-1DEA7574DF9E}
		{DB85B77D-306D-4C44-8E9A-395BA728E1B5} = {B291FD47-2EB7-4431-9B7D-1DEA7574DF9E}
		{A36245A0-69AC-4B8B-B303-05D2DC34FB8C} = {B291FD47-2EB7-4431-9B7D-1DEA7574DF9E}
	EndGlobalSection
EndGlobal
